{
  "name": "give-random-name",
  "version": "1.0.2",
  "lockfileVersion": 2,
  "requires": true,
  "packages": {
    "": {
      "name": "give-random-name",
      "version": "1.0.2",
      "license": "MIT",
      "dependencies": {
        "date": "*",
        "moment": "^2.29.1",
        "o": "*"
      },
      "bin": {
        "give-random-name": "bin/global.js"
      },
      "optionalDependencies": {
        "date": "^1.0.2",
        "o": "^2.3.2"
      }
    },
    "node_modules/date": {
      "version": "1.0.2",
      "resolved": "https://registry.npmjs.org/date/-/date-1.0.2.tgz",
      "integrity": "sha1-nxUD1lGYQ9lIZvx5qR6b6I3LR3Y=",
      "optional": true,
      "engines": {
        "node": "*"
      }
    },
    "node_modules/moment": {
      "version": "2.29.1",
      "resolved": "https://registry.npmjs.org/moment/-/moment-2.29.1.tgz",
      "integrity": "sha512-kHmoybcPV8Sqy59DwNDY3Jefr64lK/by/da0ViFcuA4DH0vQg5Q6Ze5VimxkfQNSC+Mls/Kx53s7TjP1RhFEDQ==",
      "engines": {
        "node": "*"
      }
    },
    "node_modules/o": {
      "version": "2.3.2",
      "resolved": "https://registry.npmjs.org/o/-/o-2.3.2.tgz",
      "integrity": "sha512-KoP5gG518iPVmAwaxJBmc7f5NC/3cEaS4iCN5ynZDsw4gHJs4NJSiICDbSoxty6+xQ8/LFWatq6Yk3HhGKEGhA==",
      "optional": true
    }
  },
  "dependencies": {
    "date": {
      "version": "1.0.2",
      "resolved": "https://registry.npmjs.org/date/-/date-1.0.2.tgz",
      "integrity": "sha1-nxUD1lGYQ9lIZvx5qR6b6I3LR3Y=",
      "optional": true
    },
    "moment": {
      "version": "2.29.1",
      "resolved": "https://registry.npmjs.org/moment/-/moment-2.29.1.tgz",
      "integrity": "sha512-kHmoybcPV8Sqy59DwNDY3Jefr64lK/by/da0ViFcuA4DH0vQg5Q6Ze5VimxkfQNSC+Mls/Kx53s7TjP1RhFEDQ=="
    },
    "o": {
      "version": "2.3.2",
      "resolved": "https://registry.npmjs.org/o/-/o-2.3.2.tgz",
      "integrity": "sha512-KoP5gG518iPVmAwaxJBmc7f5NC/3cEaS4iCN5ynZDsw4gHJs4NJSiICDbSoxty6+xQ8/LFWatq6Yk3HhGKEGhA==",
      "optional": true
    }
  }
}
